{
    "_meta": {
        "hash": {
            "sha256": "1a3d882b85eb6770f3187c78a626cc6178d7d62503219e1d6a2136138c6b75b0"
        },
        "pipfile-spec": 6,
        "requires": {
            "python_version": "3.12"
        },
        "sources": [
            {
                "name": "pypi",
                "url": "https://pypi.org/simple",
                "verify_ssl": true
            }
        ]
    },
    "default": {
        "greenlet": {
            "hashes": [
                "sha256:00cd814b8959b95a546e47e8d589610534cfb71f19802ea8a2ad99d95d702057",
                "sha256:02a98600899ca1ca5d3a2590974c9e3ec259503b2d6ba6527605fcd74e08e207",
                "sha256:02f5972ff02c9cf615357c17ab713737cccfd0eaf69b951084a9fd43f39833d3",
                "sha256:055916fafad3e3388d27dd68517478933a97edc2fc54ae79d3bec827de2c64c4",
                "sha256:0a16fb934fcabfdfacf21d79e6fed81809d8cd97bc1be9d9c89f0e4567143d7b",
                "sha256:1592a615b598643dbfd566bac8467f06c8c8ab6e56f069e573832ed1d5d528cc",
                "sha256:1919cbdc1c53ef739c94cf2985056bcc0838c1f217b57647cbf4578576c63825",
                "sha256:1e4747712c4365ef6765708f948acc9c10350719ca0545e362c24ab973017370",
                "sha256:1e76106b6fc55fa3d6fe1c527f95ee65e324a13b62e243f77b48317346559708",
                "sha256:1f72667cc341c95184f1c68f957cb2d4fc31eef81646e8e59358a10ce6689457",
                "sha256:2593283bf81ca37d27d110956b79e8723f9aa50c4bcdc29d3c0543d4743d2763",
                "sha256:2dc5c43bb65ec3669452af0ab10729e8fdc17f87a1f2ad7ec65d4aaaefabf6bf",
                "sha256:3091bc45e6b0c73f225374fefa1536cd91b1e987377b12ef5b19129b07d93ebe",
                "sha256:354f67445f5bed6604e493a06a9a49ad65675d3d03477d38a4db4a427e9aad0e",
                "sha256:3885f85b61798f4192d544aac7b25a04ece5fe2704670b4ab73c2d2c14ab740d",
                "sha256:3ab7194ee290302ca15449f601036007873028712e92ca15fc76597a0aeb4c59",
                "sha256:3aeca9848d08ce5eb653cf16e15bb25beeab36e53eb71cc32569f5f3afb2a3aa",
                "sha256:44671c29da26539a5f142257eaba5110f71887c24d40df3ac87f1117df589e0e",
                "sha256:45f9f4853fb4cc46783085261c9ec4706628f3b57de3e68bae03e8f8b3c0de51",
                "sha256:4bd139e4943547ce3a56ef4b8b1b9479f9e40bb47e72cc906f0f66b9d0d5cab3",
                "sha256:4fefc7aa68b34b9224490dfda2e70ccf2131368493add64b4ef2d372955c207e",
                "sha256:6629311595e3fe7304039c67f00d145cd1d38cf723bb5b99cc987b23c1433d61",
                "sha256:6fadd183186db360b61cb34e81117a096bff91c072929cd1b529eb20dd46e6c5",
                "sha256:71566302219b17ca354eb274dfd29b8da3c268e41b646f330e324e3967546a74",
                "sha256:7409796591d879425997a518138889d8d17e63ada7c99edc0d7a1c22007d4907",
                "sha256:752f0e79785e11180ebd2e726c8a88109ded3e2301d40abced2543aa5d164275",
                "sha256:7791dcb496ec53d60c7f1c78eaa156c21f402dda38542a00afc3e20cae0f480f",
                "sha256:782743700ab75716650b5238a4759f840bb2dcf7bff56917e9ffdf9f1f23ec59",
                "sha256:7c9896249fbef2c615853b890ee854f22c671560226c9221cfd27c995db97e5c",
                "sha256:85f3e248507125bf4af607a26fd6cb8578776197bd4b66e35229cdf5acf1dfbf",
                "sha256:89c69e9a10670eb7a66b8cef6354c24671ba241f46152dd3eed447f79c29fb5b",
                "sha256:8cb8553ee954536500d88a1a2f58fcb867e45125e600e80f586ade399b3f8819",
                "sha256:9ae572c996ae4b5e122331e12bbb971ea49c08cc7c232d1bd43150800a2d6c65",
                "sha256:9c7b15fb9b88d9ee07e076f5a683027bc3befd5bb5d25954bb633c385d8b737e",
                "sha256:9ea5231428af34226c05f927e16fc7f6fa5e39e3ad3cd24ffa48ba53a47f4240",
                "sha256:a31ead8411a027c2c4759113cf2bd473690517494f3d6e4bf67064589afcd3c5",
                "sha256:a8fa80665b1a29faf76800173ff5325095f3e66a78e62999929809907aca5659",
                "sha256:ad053d34421a2debba45aa3cc39acf454acbcd025b3fc1a9f8a0dee237abd485",
                "sha256:b24c7844c0a0afc3ccbeb0b807adeefb7eff2b5599229ecedddcfeb0ef333bec",
                "sha256:b50a8c5c162469c3209e5ec92ee4f95c8231b11db6a04db09bbe338176723bb8",
                "sha256:ba30e88607fb6990544d84caf3c706c4b48f629e18853fc6a646f82db9629418",
                "sha256:bf3fc9145141250907730886b031681dfcc0de1c158f3cc51c092223c0f381ce",
                "sha256:c23ea227847c9dbe0b3910f5c0dd95658b607137614eb821e6cbaecd60d81cc6",
                "sha256:c3cc1a3ed00ecfea8932477f729a9f616ad7347a5e55d50929efa50a86cb7be7",
                "sha256:c49e9f7c6f625507ed83a7485366b46cbe325717c60837f7244fc99ba16ba9d6",
                "sha256:d0cb7d47199001de7658c213419358aa8937df767936506db0db7ce1a71f4a2f",
                "sha256:d8009ae46259e31bc73dc183e402f548e980c96f33a6ef58cc2e7865db012e13",
                "sha256:da956d534a6d1b9841f95ad0f18ace637668f680b1339ca4dcfb2c1837880a0b",
                "sha256:dcb9cebbf3f62cb1e5afacae90761ccce0effb3adaa32339a0670fe7805d8068",
                "sha256:decb0658ec19e5c1f519faa9a160c0fc85a41a7e6654b3ce1b44b939f8bf1325",
                "sha256:df4d1509efd4977e6a844ac96d8be0b9e5aa5d5c77aa27ca9f4d3f92d3fcf330",
                "sha256:eeb27bece45c0c2a5842ac4c5a1b5c2ceaefe5711078eed4e8043159fa05c834",
                "sha256:efcdfb9df109e8a3b475c016f60438fcd4be68cd13a365d42b35914cdab4bb2b",
                "sha256:fd9fb7c941280e2c837b603850efc93c999ae58aae2b40765ed682a6907ebbc5",
                "sha256:fe46d4f8e94e637634d54477b0cfabcf93c53f29eedcbdeecaf2af32029b4421"
            ],
            "markers": "python_version >= '3.9'",
            "version": "==3.2.2"
        },
        "pygame": {
            "hashes": [
                "sha256:00827aba089355925902d533f9c41e79a799641f03746c50a374dc5c3362e43d",
                "sha256:10e3d2a55f001f6c0a6eb44aa79ea7607091c9352b946692acedb2ac1482f1c9",
                "sha256:1206125f14cae22c44565c9d333607f1d9f59487b1f1432945dfc809aeaa3e88",
                "sha256:14f9dda45469b254c0f15edaaeaa85d2cc072ff6a83584a265f5d684c7f7efd8",
                "sha256:15efaa11a80a65dd589a95bebe812fa5bfc7e14946b638a424c5bd9ac6cca1a4",
                "sha256:163e66de169bd5670c86e27d0b74aad0d2d745e3b63cf4e7eb5b2bff1231ca8d",
                "sha256:173badf82fa198e6888017bea40f511cb28e69ecdd5a72b214e81e4dcd66c3b1",
                "sha256:17498a2b043bc0e795faedef1b081199c688890200aef34991c1941caa2d2c89",
                "sha256:20349195326a5e82a16e351ed93465a7845a7e2a9af55b7bc1b2110ea3e344e1",
                "sha256:21160d9093533eb831f1b708e630706e5ac16b30750571ec27bc3b8364814f38",
                "sha256:27eb17e3dc9640e4b4683074f1890e2e879827447770470c2aba9f125f74510b",
                "sha256:28b43190436037e428a5be28fc80cf6615304fd528009f2c688cc828f4ff104b",
                "sha256:2a3a1288e2e9b1e5834e425bedd5ba01a3cd4902b5c2bff8ed4a740ccfe98171",
                "sha256:2a615d78b2364e86f541458ff41c2a46181b9a1e9eabd97b389282fdf04efbb3",
                "sha256:325a84d072d52e3c2921eff02f87c6a74b7e77d71db3bdf53801c6c975f1b6c4",
                "sha256:33006f784e1c7d7e466fcb61d5489da59cc5f7eb098712f792a225df1d4e229d",
                "sha256:3a9e7396be0d9633831c3f8d5d82dd63ba373ad65599628294b7a4f8a5a01a65",
                "sha256:3acd8c009317190c2bfd81db681ecef47d5eb108c2151d09596d9c7ea9df5c0e",
                "sha256:3bede70ec708057e305815d6546012669226d1d80566785feca9b044216062e7",
                "sha256:481cfe1bdbb7fe00acc5950c494c26f00240888619bdc396fc8c39a734797432",
                "sha256:4a8ea113b1bf627322a025a1a5a87e3818a7f55ab3a4077ff1ae5c8c60576614",
                "sha256:4c1623180e70a03c4a734deb9bac50fc9c82942ae84a3a220779062128e75f3b",
                "sha256:4ee7f2771f588c966fa2fa8b829be26698c9b4836f82ede5e4edc1a68594942e",
                "sha256:56fb02ead529cee00d415c3e007f75e0780c655909aaa8e8bf616ee09c9feb1f",
                "sha256:56ffca6059b165bbf64f4b4be23b8068f6a0e220780e4f96ec0bb5ac3c63ec39",
                "sha256:5d09fd950725d187aa5207c0cb8eb9ab0d2f8ce9ab8d189c30eeb470e71b617e",
                "sha256:6582aa71a681e02e55d43150a9ab41394e6bf4d783d2962a10aea58f424be060",
                "sha256:7103c60939bbc1e05cfc7ba3f1d2ad3bbf103b7828b82a7166a9ab6f51950146",
                "sha256:7bffdd3eaf394d9645331d1c3a5df9d782ebcc3c5a78f3b657c7879a828dd111",
                "sha256:811e7b925146d8149d79193652cbb83e0eca0aae66476b1cb310f0f4226b8b5c",
                "sha256:813af4fba5d0b2cb8e58f5d95f7910295c34067dcc290d34f1be59c48bd1ea6a",
                "sha256:816e85000c5d8b02a42b9834f761a5925ef3377d2924e3a7c4c143d2990ce5b8",
                "sha256:818b4eaec9c4acb6ac64805d4ca8edd4062bebca77bd815c18739fe2842c97e9",
                "sha256:84fc4054e25262140d09d39e094f6880d730199710829902f0d8ceae0213379e",
                "sha256:8a78fd030d98faab4a8e27878536fdff7518d3e062a72761c552f624ebba5a5f",
                "sha256:91476902426facd4bb0dad4dc3b2573bc82c95c71b135e0daaea072ed528d299",
                "sha256:94afd1177680d92f9214c54966ad3517d18210c4fbc5d84a0192d218e93647e0",
                "sha256:97ac4e13847b6b293ecaffa5ffce9886c98d09c03309406931cc592f0cea6366",
                "sha256:9beeb647e555afb5657111fa83acb74b99ad88761108eaea66472e8b8547b55b",
                "sha256:9dd5c054d4bd875a8caf978b82672f02bec332f52a833a76899220c460bb4b58",
                "sha256:a1bf7ab5311bbced70320f1a56701650b4c18231343ae5af42111eea91e0949a",
                "sha256:a4b8f04fceddd9a3ac30778d11f0254f59efcd1c382d5801271113cea8b4f2f3",
                "sha256:a620883d589926f157b8f1d1f543183ac52e5c30507dea445e3927ae0bee1c54",
                "sha256:ac3f033d2be4a9e23660a96afe2986df3a6916227538a6a0061bc218c5088507",
                "sha256:ae6039f3a55d800db80e8010f387557b528d34d534435e0871326804df2a62f2",
                "sha256:b46e68cd168f44d0224c670bb72186688fc692d7079715f79d04096757d703d0",
                "sha256:b7f9f8e6f76de36f4725175d686601214af362a4f30614b4dae2240198e72e6f",
                "sha256:bbb7167c92103a2091366e9af26d4914ba3776666e8677d3c93551353fffa626",
                "sha256:c0b11356ac96261162d54a2c2b41a41978f00525631b01ec9c4fe26b01c66595",
                "sha256:c31dbdb5d0217f32764797d21c2752e258e5fb7e895326538d82b5f75a0cd856",
                "sha256:c47a6938de93fa610accd4969e638c2aebcb29b2fca518a84c3a39d91ab47116",
                "sha256:c8040ea2ab18c6b255af706ec01355c8a6b08dc48d77fd4ee783f8fc46a843bf",
                "sha256:ce8cc108b92de9b149b344ad2e25eedbe773af0dc41dfb24d1f07f679b558c60",
                "sha256:d1a7f2b66ac2e4c9583b6d4c6d6f346fb10a3392c04163f537061f86a448ed5c",
                "sha256:d29eb9a93f12aa3d997b6e3c447ac85b2a4b142ab2548441523a8fcf5e216042",
                "sha256:da3ad64d685f84a34ebe5daacb39fff14f1251acb34c098d760d63fee768f50c",
                "sha256:ef07c0103d79492c21fced9ad68c11c32efa6801ca1920ebfd0f15fb46c78b1c",
                "sha256:f3935459109da4bb0b3901da9904f0a3e52028a3332a355d298b1673a334cf21",
                "sha256:f84f15d146d6aa93254008a626c56ef96fed276006202881a47b29757f0cd65a",
                "sha256:fb6e8d0547f30ddc845f4fd1e33070ef548233ad0dbf21f7ecea768883d1bbdc"
            ],
            "index": "pypi",
            "markers": "python_version >= '3.6'",
            "version": "==2.6.1"
        },
        "pyopengl": {
            "hashes": [
                "sha256:15995fd3b0deb991376805da36137a4ae5aba6ddbb5e29ac1f35462d130a3f77",
                "sha256:28ebd82c5f4491a418aeca9672dffb3adbe7d33b39eada4548a5b4e8c03f60c8"
            ],
            "index": "pypi",
            "version": "==3.1.9"
        },
        "pyopengl-accelerate": {
            "hashes": [
                "sha256:0537f9644353f22492593799e50b7b5f2d8a46339c9d92ef93bd31dbb32c283d",
                "sha256:10ab017316dc8bced13b2426b9cc6ab9aeb627ca020e9bc0836ef92b5e0942ea",
                "sha256:15a4c6a11dcfc9eec311f3596cda62fff2965ad6d62919415fb6573f7ef8c1c9",
                "sha256:182f8b3e8ac19f4a5f7fe1178037ae840552351bcd264f5c34739db676467377",
                "sha256:19dda83f7c96f598b8bc895ee2199bd1c45d064993175bbbe251905b9d9b40a4",
                "sha256:2975831f3f28e560c6dafbe81a8e04cc9ab3430f0b358235bdf70e37c808679e",
                "sha256:2b6f1f3680f33f10e67bb679ac0fb6946905a22e52d2eba71a66bf9d3ef94b33",
                "sha256:35f4bc21a0e4d84f7c1bb0d819b0d8edaacc5ff2df60b59087820e30645c219e",
                "sha256:39745bbcdefa26d96fdadb5969738f6f748e2b32d9b149f35babb3787b325e7a",
                "sha256:46cc616bdf2edbef2586ccc17a905ae4376ae79f5b1e3069e935042739e05a6a",
                "sha256:48a136d8fd1e8a914f452042df9afad2ef0ce301187f0a75732d0469e6996799",
                "sha256:4cd6d767de3c81b538682058c6114587bfa5e4a263d0f4b023b0404fce07d6d7",
                "sha256:56e6bdd79925ad2fc137565e8fb19ed2584994faa057c97461a17da69fb98b7f",
                "sha256:587ac90a7e5d6ae91ad99854bea5b4316284ff8edb4fd51fa3bf9c9236e2a2b9",
                "sha256:659ac06bc6a6031fef5e3b5c965d61d5763833e896b7b4620cb4e036180d60db",
                "sha256:67dc175b59c502dbc7e287f07c819652b39080e7e19728fa3b01552ea341a9bb",
                "sha256:704611e734179d9b3cfe81740ce3425b57c1269448908b97dcf982f33264cac6",
                "sha256:76c28db5d0480a14e550a313da9652d57d5bf09074f9d566c40abac90d9ae41c",
                "sha256:7981bc643edd6d30e35d08b393ec382773463e3aabb364695df51b9adbcf9e20",
                "sha256:8042393b3869b455d67b60e6c87dc349ae89d3a0858f8018f8bd8d69f323ac3c",
                "sha256:83cb4caa8ae20e5e0fd06d2c9e30876ead3133fa4b2038e7270f04131ca92e80",
                "sha256:85957c7c76975818ff759ec9243f9dc7091ef6f373ea37a2eb50c320fd9a86f3",
                "sha256:86071c363347c25b572ede5145cc5c6b39767249e55f5666127650730f737bfe",
                "sha256:896c00869d12b01270bffe6d70de632a9dd8eec47d87df6879908b4363fab03c",
                "sha256:9071c58126deb2b31a2f7a2173069fff3449a348a736370af18b509173e260e8",
                "sha256:95fd40a537637355fb7f0a03c055fbad6efdeea059607f4966b7631b580353c5",
                "sha256:97e2e2daddab0ed8d690871ddff976e82a480cdef7d6df39b69d79afa3ce3430",
                "sha256:a033e10905dc4f610b739b43ec07ed473cedbdfa531b176e01f8797bd17c5134",
                "sha256:a78731c88a81a895cf9849139bffb40cbea9fb0e640ccc3cbc38ea909e1234f4",
                "sha256:a95f48f815392964a3b64b20c19b0ef5c25690413ce0ee9f1e7f9b00e4f1b40a",
                "sha256:ab22411076dd1227ada4879dc80903aae049593486c09e3126abb4b475955442",
                "sha256:b58837914dbd6f89ba831d4a3dede1595a74485d7b476483966f08bac9bd4320",
                "sha256:b78ae67c018f1fed0b418d46dc98516e5a9797be85ef932d2d97f26860146ba1",
                "sha256:b8e901af8f45f24d97cd8afd964e710727f39328914ed7c6133a4f0e8f840a62",
                "sha256:ce9a06769f28c32de926319cf6006179d3946f09a8987b0b1003b398b25ca7d5",
                "sha256:d31d12adc1e0bcd9aff01b1d92aa316e45b8262ffc67d49da0802b87e840e771",
                "sha256:d5992ebf8befb6e45c6198e45f0f2d8fa26c30cbae68a1f08d6646c6d95b5605",
                "sha256:d5fc52c916b135529cab731c6f7c85d78f6b23dda315ef6c417dca22f9497850",
                "sha256:d63cef49346ba556632a4a163025628b4872ca499d760d4e6410adcbefa84949",
                "sha256:d7d2b0ac17ea369eb6e063378c8b6c0addf095c82f5879cd500a407c01127619",
                "sha256:d80dab32facd0195e8213754a7a71ba9d9343e413ff84bd8e552d7a66552b254",
                "sha256:d9c72c215a1ea7701c3730c21863790fabb05472767a8e08e95bda3a214078b5",
                "sha256:de1a0a683f4d45859a9a898e16634bd1802d1f88f024a70e896192a9d875aff8",
                "sha256:e12712a38659115a93de18ba5517a4faa34c603ab43ba925d451e8d2429bbd40",
                "sha256:e1841dd0856b24c72fc32411e53da6709393b48dba497d790868693e7d3bb542",
                "sha256:e3e0313e58ad7a5577b2df275f44f6b842437835014c60fb602acc92aaaa060c",
                "sha256:e561f1f6486b49732e273b840dcb46abcb9b95df375e5c7ea33dc9d137f96f51",
                "sha256:eb56fa15bdf1a029a8bf1682f5af436b02e721fcd1b43cf05eeda99ca9b6a9e1",
                "sha256:ed02cc9abd7662e787bc7491bf7f78f6536cf550a148d0fbff6727bed9b57124",
                "sha256:eecdf8a60ffcf8218c307a8fe0a55c60af888fa0730f1b5038733574d7e48d82",
                "sha256:f0cd7db5685ed2b79d042932a62b3bf82d0443a7776f515e5c09564d52e357a6",
                "sha256:f544f97de76323c6e137ee8c859a81b654445273f159e63fdc1239f220376ba5",
                "sha256:f5fbe4dec90ff460211c06e7e6bc4ec757f9cdd5f50098f1bf3ec15eceb5ee98",
                "sha256:f7bbef8a910d37e9e18ed5f8ff8dff40c9161e84b90e96c04bed5c147bb3edc6",
                "sha256:fa5682de4750a554700f4f435ad6144af87345d626faa8bc925b42c0c8817317"
            ],
            "index": "pypi",
            "version": "==3.1.9"
        },
        "pywavefront": {
            "hashes": [
                "sha256:ec79cadd046b168434b01031e574f4105f821d06cb8cf754801e4dc18076bbeb"
            ],
            "index": "pypi",
            "markers": "python_version >= '3.4'",
            "version": "==1.3.3"
        },
        "sqlalchemy": {
            "hashes": [
                "sha256:023b3ee6169969beea3bb72312e44d8b7c27c75b347942d943cf49397b7edeb5",
                "sha256:03968a349db483936c249f4d9cd14ff2c296adfa1290b660ba6516f973139582",
                "sha256:05132c906066142103b83d9c250b60508af556982a385d96c4eaa9fb9720ac2b",
                "sha256:087b6b52de812741c27231b5a3586384d60c353fbd0e2f81405a814b5591dc8b",
                "sha256:0b3dbf1e7e9bc95f4bac5e2fb6d3fb2f083254c3fdd20a1789af965caf2d2348",
                "sha256:118c16cd3f1b00c76d69343e38602006c9cfb9998fa4f798606d28d63f23beda",
                "sha256:1936af879e3db023601196a1684d28e12f19ccf93af01bf3280a3262c4b6b4e5",
                "sha256:1e3f196a0c59b0cae9a0cd332eb1a4bda4696e863f4f1cf84ab0347992c548c2",
                "sha256:23a8825495d8b195c4aa9ff1c430c28f2c821e8c5e2d98089228af887e5d7e29",
                "sha256:293cd444d82b18da48c9f71cd7005844dbbd06ca19be1ccf6779154439eec0b8",
                "sha256:32f9dc8c44acdee06c8fc6440db9eae8b4af8b01e4b1aee7bdd7241c22edff4f",
                "sha256:34ea30ab3ec98355235972dadc497bb659cc75f8292b760394824fab9cf39826",
                "sha256:3d3549fc3e40667ec7199033a4e40a2f669898a00a7b18a931d3efb4c7900504",
                "sha256:41836fe661cc98abfae476e14ba1906220f92c4e528771a8a3ae6a151242d2ae",
                "sha256:4d44522480e0bf34c3d63167b8cfa7289c1c54264c2950cc5fc26e7850967e45",
                "sha256:4eeb195cdedaf17aab6b247894ff2734dcead6c08f748e617bfe05bd5a218443",
                "sha256:4f67766965996e63bb46cfbf2ce5355fc32d9dd3b8ad7e536a920ff9ee422e23",
                "sha256:57df5dc6fdb5ed1a88a1ed2195fd31927e705cad62dedd86b46972752a80f576",
                "sha256:598d9ebc1e796431bbd068e41e4de4dc34312b7aa3292571bb3674a0cb415dd1",
                "sha256:5b14e97886199c1f52c14629c11d90c11fbb09e9334fa7bb5f6d068d9ced0ce0",
                "sha256:5e22575d169529ac3e0a120cf050ec9daa94b6a9597993d1702884f6954a7d71",
                "sha256:60c578c45c949f909a4026b7807044e7e564adf793537fc762b2489d522f3d11",
                "sha256:6145afea51ff0af7f2564a05fa95eb46f542919e6523729663a5d285ecb3cf5e",
                "sha256:6375cd674fe82d7aa9816d1cb96ec592bac1726c11e0cafbf40eeee9a4516b5f",
                "sha256:6854175807af57bdb6425e47adbce7d20a4d79bbfd6f6d6519cd10bb7109a7f8",
                "sha256:6ab60a5089a8f02009f127806f777fca82581c49e127f08413a66056bd9166dd",
                "sha256:725875a63abf7c399d4548e686debb65cdc2549e1825437096a0af1f7e374814",
                "sha256:7492967c3386df69f80cf67efd665c0f667cee67032090fe01d7d74b0e19bb08",
                "sha256:81965cc20848ab06583506ef54e37cf15c83c7e619df2ad16807c03100745dea",
                "sha256:81c24e0c0fde47a9723c81d5806569cddef103aebbf79dbc9fcbb617153dea30",
                "sha256:81eedafa609917040d39aa9332e25881a8e7a0862495fcdf2023a9667209deda",
                "sha256:81f413674d85cfd0dfcd6512e10e0f33c19c21860342a4890c3a2b59479929f9",
                "sha256:8280856dd7c6a68ab3a164b4a4b1c51f7691f6d04af4d4ca23d6ecf2261b7923",
                "sha256:82ca366a844eb551daff9d2e6e7a9e5e76d2612c8564f58db6c19a726869c1df",
                "sha256:8b4af17bda11e907c51d10686eda89049f9ce5669b08fbe71a29747f1e876036",
                "sha256:90144d3b0c8b139408da50196c5cad2a6909b51b23df1f0538411cd23ffa45d3",
                "sha256:906e6b0d7d452e9a98e5ab8507c0da791856b2380fdee61b765632bb8698026f",
                "sha256:90c11ceb9a1f482c752a71f203a81858625d8df5746d787a4786bca4ffdf71c6",
                "sha256:911cc493ebd60de5f285bcae0491a60b4f2a9f0f5c270edd1c4dbaef7a38fc04",
                "sha256:9a420a91913092d1e20c86a2f5f1fc85c1a8924dbcaf5e0586df8aceb09c9cc2",
                "sha256:9f8c9fdd15a55d9465e590a402f42082705d66b05afc3ffd2d2eb3c6ba919560",
                "sha256:a104c5694dfd2d864a6f91b0956eb5d5883234119cb40010115fd45a16da5e70",
                "sha256:a373a400f3e9bac95ba2a06372c4fd1412a7cee53c37fc6c05f829bf672b8769",
                "sha256:a62448526dd9ed3e3beedc93df9bb6b55a436ed1474db31a2af13b313a70a7e1",
                "sha256:a8808d5cf866c781150d36a3c8eb3adccfa41a8105d031bf27e92c251e3969d6",
                "sha256:b1f09b6821406ea1f94053f346f28f8215e293344209129a9c0fcc3578598d7b",
                "sha256:b2ac41acfc8d965fb0c464eb8f44995770239668956dc4cdf502d1b1ffe0d747",
                "sha256:b46fa6eae1cd1c20e6e6f44e19984d438b6b2d8616d21d783d150df714f44078",
                "sha256:b50eab9994d64f4a823ff99a0ed28a6903224ddbe7fef56a6dd865eec9243440",
                "sha256:bfc9064f6658a3d1cadeaa0ba07570b83ce6801a1314985bf98ec9b95d74e15f",
                "sha256:c0b0e5e1b5d9f3586601048dd68f392dc0cc99a59bb5faf18aab057ce00d00b2",
                "sha256:c153265408d18de4cc5ded1941dcd8315894572cddd3c58df5d5b5705b3fa28d",
                "sha256:d4ae769b9c1c7757e4ccce94b0641bc203bbdf43ba7a2413ab2523d8d047d8dc",
                "sha256:dc56c9788617b8964ad02e8fcfeed4001c1f8ba91a9e1f31483c0dffb207002a",
                "sha256:dd5ec3aa6ae6e4d5b5de9357d2133c07be1aff6405b136dad753a16afb6717dd",
                "sha256:edba70118c4be3c2b1f90754d308d0b79c6fe2c0fdc52d8ddf603916f83f4db9",
                "sha256:ff8e80c4c4932c10493ff97028decfdb622de69cae87e0f127a7ebe32b4069c6"
            ],
            "index": "pypi",
            "markers": "python_version >= '3.7'",
            "version": "==2.0.41"
        },
        "typing-extensions": {
            "hashes": [
                "sha256:a439e7c04b49fec3e5d3e2beaa21755cadbbdc391694e28ccdd36ca4a1408f8c",
                "sha256:e6c81219bd689f51865d9e372991c540bda33a0379d5573cddb9a3a23f7caaef"
            ],
            "markers": "python_version >= '3.8'",
            "version": "==4.13.2"
        }
    },
    "develop": {}
}
